
Microsoft Visual Studio Solution File, Format Version 12.00
# Visual Studio 15
VisualStudioVersion = 15.0.28010.2046
MinimumVisualStudioVersion = 10.0.40219.1
Project("{FAE04EC0-301F-11D3-BF4B-00C04F79EFBC}") = "SimpleMVCCoreApp", "SimpleMVCCoreApp\SimpleMVCCoreApp.csproj", "{A5ABC0EB-C3B4-4A86-8153-4799C9C787F6}"
EndProject
Global
	GlobalSection(SolutionConfigurationPlatforms) = preSolution
		Debug|Any CPU = Debug|Any CPU
		Release|Any CPU = Release|Any CPU
	EndGlobalSection
	GlobalSection(ProjectConfigurationPlatforms) = postSolution
		{A5ABC0EB-C3B4-4A86-8153-4799C9C787F6}.Debug|Any CPU.ActiveCfg = Debug|Any CPU
		{A5ABC0EB-C3B4-4A86-8153-4799C9C787F6}.Debug|Any CPU.Build.0 = Debug|Any CPU
		{A5ABC0EB-C3B4-4A86-8153-4799C9C787F6}.Release|Any CPU.ActiveCfg = Release|Any CPU
		{A5ABC0EB-C3B4-4A86-8153-4799C9C787F6}.Release|Any CPU.Build.0 = Release|Any CPU
	EndGlobalSection
	GlobalSection(SolutionProperties) = preSolution
		HideSolutionNode = FALSE
	EndGlobalSection
	GlobalSection(ExtensibilityGlobals) = postSolution
		SolutionGuid = {53E95AAE-6822-4F47-9FC5-685F6A71DC6F}
	EndGlobalSection
EndGlobal
